
Microsoft Visual Studio Solution File, Format Version 12.00
# Visual Studio 15
VisualStudioVersion = 15.0.26430.16
MinimumVisualStudioVersion = 10.0.40219.1
Project("{FAE04EC0-301F-11D3-BF4B-00C04F79EFBC}") = "WebApplication45", "WebApplication45\WebApplication45.csproj", "{53CD4227-7D55-4ACB-A4DE-DFF608145E89}"
EndProject
Global
	GlobalSection(SolutionConfigurationPlatforms) = preSolution
		Debug|Any CPU = Debug|Any CPU
		Release|Any CPU = Release|Any CPU
	EndGlobalSection
	GlobalSection(ProjectConfigurationPlatforms) = postSolution
		{53CD4227-7D55-4ACB-A4DE-DFF608145E89}.Debug|Any CPU.ActiveCfg = Debug|Any CPU
		{53CD4227-7D55-4ACB-A4DE-DFF608145E89}.Debug|Any CPU.Build.0 = Debug|Any CPU
		{53CD4227-7D55-4ACB-A4DE-DFF608145E89}.Release|Any CPU.ActiveCfg = Release|Any CPU
		{53CD4227-7D55-4ACB-A4DE-DFF608145E89}.Release|Any CPU.Build.0 = Release|Any CPU
	EndGlobalSection
	GlobalSection(SolutionProperties) = preSolution
		HideSolutionNode = FALSE
	EndGlobalSection
EndGlobal
